
Microsoft Visual Studio Solution File, Format Version 12.00
# Visual Studio Version 16
VisualStudioVersion = 16.0.30711.63
MinimumVisualStudioVersion = 10.0.40219.1
Project("{FAE04EC0-301F-11D3-BF4B-00C04F79EFBC}") = "UntitledTrojan", "UntitledTrojan\UntitledTrojan.csproj", "{3BB23439-4E8C-4539-9602-77D39A0243B7}"
EndProject
Global
	GlobalSection(SolutionConfigurationPlatforms) = preSolution
		Debug|Any CPU = Debug|Any CPU
		Release|Any CPU = Release|Any CPU
	EndGlobalSection
	GlobalSection(ProjectConfigurationPlatforms) = postSolution
		{3BB23439-4E8C-4539-9602-77D39A0243B7}.Debug|Any CPU.ActiveCfg = Debug|Any CPU
		{3BB23439-4E8C-4539-9602-77D39A0243B7}.Debug|Any CPU.Build.0 = Debug|Any CPU
		{3BB23439-4E8C-4539-9602-77D39A0243B7}.Release|Any CPU.ActiveCfg = Release|Any CPU
		{3BB23439-4E8C-4539-9602-77D39A0243B7}.Release|Any CPU.Build.0 = Release|Any CPU
	EndGlobalSection
	GlobalSection(SolutionProperties) = preSolution
		HideSolutionNode = FALSE
	EndGlobalSection
	GlobalSection(ExtensibilityGlobals) = postSolution
		SolutionGuid = {BDEACB29-E284-4CCA-A5B7-AD42817436F7}
	EndGlobalSection
EndGlobal
